# This file is automatically @generated by Cargo.
# It is not intended for manual editing.
version = 3

[[package]]
name = "quit"
version = "1.1.4"
source = "registry+https://github.com/rust-lang/crates.io-index"
checksum = "bad314fc86f60b58587ffaf97e3150ed6f0aece74012db9cf0e36ee88768e49d"
dependencies = [
 "quit_macros",
]

[[package]]
name = "quit_macros"
version = "1.1.4"
source = "registry+https://github.com/rust-lang/crates.io-index"
checksum = "a411616b47dce3139c0169c89899ba5ea3534e545ab4d0c1d3956460fe781bae"

[[package]]
name = "temperature_converter"
version = "0.1.0"
dependencies = [
 "quit",
]
